
Microsoft Visual Studio Solution File, Format Version 12.00
# Visual Studio Version 17
VisualStudioVersion = 17.0.32126.317
MinimumVisualStudioVersion = 10.0.40219.1
Project("{FAE04EC0-301F-11D3-BF4B-00C04F79EFBC}") = "PLCubsWebAPI", "PLCubsWebAPI\PLCubsWebAPI.csproj", "{71493BBA-CD6D-4272-AC68-D86E4C3EE1F9}"
EndProject
Global
	GlobalSection(SolutionConfigurationPlatforms) = preSolution
		Debug|Any CPU = Debug|Any CPU
		Release|Any CPU = Release|Any CPU
	EndGlobalSection
	GlobalSection(ProjectConfigurationPlatforms) = postSolution
		{71493BBA-CD6D-4272-AC68-D86E4C3EE1F9}.Debug|Any CPU.ActiveCfg = Debug|Any CPU
		{71493BBA-CD6D-4272-AC68-D86E4C3EE1F9}.Debug|Any CPU.Build.0 = Debug|Any CPU
		{71493BBA-CD6D-4272-AC68-D86E4C3EE1F9}.Release|Any CPU.ActiveCfg = Release|Any CPU
		{71493BBA-CD6D-4272-AC68-D86E4C3EE1F9}.Release|Any CPU.Build.0 = Release|Any CPU
	EndGlobalSection
	GlobalSection(SolutionProperties) = preSolution
		HideSolutionNode = FALSE
	EndGlobalSection
	GlobalSection(ExtensibilityGlobals) = postSolution
		SolutionGuid = {1FB126EE-F58E-4F87-93D3-23CC7D60EED8}
	EndGlobalSection
EndGlobal
